
Microsoft Visual Studio Solution File, Format Version 12.00
# Visual Studio 14
VisualStudioVersion = 14.0.23107.0
MinimumVisualStudioVersion = 10.0.40219.1
Project("{FAE04EC0-301F-11D3-BF4B-00C04F79EFBC}") = "MySensei", "MySensei\MySensei.csproj", "{3F9A15BA-F353-4EBE-BC2E-6DEE4F9098BF}"
EndProject
Project("{FAE04EC0-301F-11D3-BF4B-00C04F79EFBC}") = "MySensei.Entities", "MySensei.Entities\MySensei.Entities.csproj", "{4D041A55-CA72-40A9-8392-C4942D590416}"
EndProject
Global
	GlobalSection(SolutionConfigurationPlatforms) = preSolution
		Debug|Any CPU = Debug|Any CPU
		Release|Any CPU = Release|Any CPU
	EndGlobalSection
	GlobalSection(ProjectConfigurationPlatforms) = postSolution
		{3F9A15BA-F353-4EBE-BC2E-6DEE4F9098BF}.Debug|Any CPU.ActiveCfg = Debug|Any CPU
		{3F9A15BA-F353-4EBE-BC2E-6DEE4F9098BF}.Debug|Any CPU.Build.0 = Debug|Any CPU
		{3F9A15BA-F353-4EBE-BC2E-6DEE4F9098BF}.Release|Any CPU.ActiveCfg = Release|Any CPU
		{3F9A15BA-F353-4EBE-BC2E-6DEE4F9098BF}.Release|Any CPU.Build.0 = Release|Any CPU
		{4D041A55-CA72-40A9-8392-C4942D590416}.Debug|Any CPU.ActiveCfg = Debug|Any CPU
		{4D041A55-CA72-40A9-8392-C4942D590416}.Debug|Any CPU.Build.0 = Debug|Any CPU
		{4D041A55-CA72-40A9-8392-C4942D590416}.Release|Any CPU.ActiveCfg = Release|Any CPU
		{4D041A55-CA72-40A9-8392-C4942D590416}.Release|Any CPU.Build.0 = Release|Any CPU
	EndGlobalSection
	GlobalSection(SolutionProperties) = preSolution
		HideSolutionNode = FALSE
	EndGlobalSection
EndGlobal
